
Microsoft Visual Studio Solution File, Format Version 11.00
# Visual Studio 2010
Project("{FAE04EC0-301F-11D3-BF4B-00C04F79EFBC}") = "MobilePatterns", "src\MobilePatterns\MobilePatterns.csproj", "{077DD61E-7C34-4C83-8C85-A49214240ABD}"
EndProject
Project("{FAE04EC0-301F-11D3-BF4B-00C04F79EFBC}") = "MobilePatterns.Core", "src\MobilePatterns.Core\MobilePatterns.Core.csproj", "{186C46EC-E0A5-434F-B41E-C88DB7CAD797}"
EndProject
Global
	GlobalSection(SolutionConfigurationPlatforms) = preSolution
		Debug|iPhoneSimulator = Debug|iPhoneSimulator
		Release|iPhoneSimulator = Release|iPhoneSimulator
		Debug|iPhone = Debug|iPhone
		Release|iPhone = Release|iPhone
	EndGlobalSection
	GlobalSection(ProjectConfigurationPlatforms) = postSolution
		{077DD61E-7C34-4C83-8C85-A49214240ABD}.Debug|iPhone.ActiveCfg = Debug|iPhone
		{077DD61E-7C34-4C83-8C85-A49214240ABD}.Debug|iPhone.Build.0 = Debug|iPhone
		{077DD61E-7C34-4C83-8C85-A49214240ABD}.Debug|iPhoneSimulator.ActiveCfg = Debug|iPhoneSimulator
		{077DD61E-7C34-4C83-8C85-A49214240ABD}.Debug|iPhoneSimulator.Build.0 = Debug|iPhoneSimulator
		{077DD61E-7C34-4C83-8C85-A49214240ABD}.Release|iPhone.ActiveCfg = Release|iPhone
		{077DD61E-7C34-4C83-8C85-A49214240ABD}.Release|iPhone.Build.0 = Release|iPhone
		{077DD61E-7C34-4C83-8C85-A49214240ABD}.Release|iPhoneSimulator.ActiveCfg = Release|iPhoneSimulator
		{077DD61E-7C34-4C83-8C85-A49214240ABD}.Release|iPhoneSimulator.Build.0 = Release|iPhoneSimulator
		{186C46EC-E0A5-434F-B41E-C88DB7CAD797}.Debug|iPhone.ActiveCfg = Debug|iPhone
		{186C46EC-E0A5-434F-B41E-C88DB7CAD797}.Debug|iPhone.Build.0 = Debug|iPhone
		{186C46EC-E0A5-434F-B41E-C88DB7CAD797}.Debug|iPhoneSimulator.ActiveCfg = Debug|iPhoneSimulator
		{186C46EC-E0A5-434F-B41E-C88DB7CAD797}.Debug|iPhoneSimulator.Build.0 = Debug|iPhoneSimulator
		{186C46EC-E0A5-434F-B41E-C88DB7CAD797}.Release|iPhone.ActiveCfg = Release|iPhone
		{186C46EC-E0A5-434F-B41E-C88DB7CAD797}.Release|iPhone.Build.0 = Release|iPhone
		{186C46EC-E0A5-434F-B41E-C88DB7CAD797}.Release|iPhoneSimulator.ActiveCfg = Release|iPhoneSimulator
		{186C46EC-E0A5-434F-B41E-C88DB7CAD797}.Release|iPhoneSimulator.Build.0 = Release|iPhoneSimulator
	EndGlobalSection
	GlobalSection(MonoDevelopProperties) = preSolution
		StartupItem = src\MobilePatterns\MobilePatterns.csproj
	EndGlobalSection
EndGlobal
